
Microsoft Visual Studio Solution File, Format Version 12.00
# Visual Studio Version 17
VisualStudioVersion = 17.5.002.0
MinimumVisualStudioVersion = 10.0.40219.1
Project("{9A19103F-16F7-4668-BE54-9A1E7A4F7556}") = "MiniGame", "MiniGame.csproj", "{A3001422-6074-455E-BCE6-DB45CC9110A5}"
EndProject
Global
	GlobalSection(SolutionConfigurationPlatforms) = preSolution
		Debug|Any CPU = Debug|Any CPU
		Release|Any CPU = Release|Any CPU
	EndGlobalSection
	GlobalSection(ProjectConfigurationPlatforms) = postSolution
		{A3001422-6074-455E-BCE6-DB45CC9110A5}.Debug|Any CPU.ActiveCfg = Debug|Any CPU
		{A3001422-6074-455E-BCE6-DB45CC9110A5}.Debug|Any CPU.Build.0 = Debug|Any CPU
		{A3001422-6074-455E-BCE6-DB45CC9110A5}.Release|Any CPU.ActiveCfg = Release|Any CPU
		{A3001422-6074-455E-BCE6-DB45CC9110A5}.Release|Any CPU.Build.0 = Release|Any CPU
	EndGlobalSection
	GlobalSection(SolutionProperties) = preSolution
		HideSolutionNode = FALSE
	EndGlobalSection
	GlobalSection(ExtensibilityGlobals) = postSolution
		SolutionGuid = {A3DA3947-0752-4433-A8BB-1029FBDE4EB2}
	EndGlobalSection
EndGlobal
